
Microsoft Visual Studio Solution File, Format Version 12.00
# Visual Studio 15
VisualStudioVersion = 15.0.28010.2048
MinimumVisualStudioVersion = 10.0.40219.1
Project("{FAE04EC0-301F-11D3-BF4B-00C04F79EFBC}") = "WebApiSample", "WebApiSample\WebApiSample.csproj", "{17BD96F3-A290-40FD-9833-736512D67C29}"
EndProject
Global
	GlobalSection(SolutionConfigurationPlatforms) = preSolution
		Debug|Any CPU = Debug|Any CPU
		Release|Any CPU = Release|Any CPU
	EndGlobalSection
	GlobalSection(ProjectConfigurationPlatforms) = postSolution
		{17BD96F3-A290-40FD-9833-736512D67C29}.Debug|Any CPU.ActiveCfg = Debug|Any CPU
		{17BD96F3-A290-40FD-9833-736512D67C29}.Debug|Any CPU.Build.0 = Debug|Any CPU
		{17BD96F3-A290-40FD-9833-736512D67C29}.Release|Any CPU.ActiveCfg = Release|Any CPU
		{17BD96F3-A290-40FD-9833-736512D67C29}.Release|Any CPU.Build.0 = Release|Any CPU
	EndGlobalSection
	GlobalSection(SolutionProperties) = preSolution
		HideSolutionNode = FALSE
	EndGlobalSection
	GlobalSection(ExtensibilityGlobals) = postSolution
		SolutionGuid = {0C8B256C-722B-449E-8ED5-BF3A10E21FF9}
	EndGlobalSection
EndGlobal
